<?xml version="1.0" encoding="utf-8"?>
<Project ToolsVersion="4.0" xmlns="http://schemas.microsoft.com/developer/msbuild/2003">
  <ItemGroup>
    <Filter Include="Source Files">
      <UniqueIdentifier>{4FC737F1-C7A5-4376-A066-2A32D752A2FF}</UniqueIdentifier>
      <Extensions>cpp;c;cc;cxx;def;odl;idl;hpj;bat;asm;asmx</Extensions>
    </Filter>
    <Filter Include="Header Files">
      <UniqueIdentifier>{93995380-89BD-4b04-88EB-625FBE52EBFB}</UniqueIdentifier>
      <Extensions>h;hh;hpp;hxx;hm;inl;inc;xsd</Extensions>
    </Filter>
    <Filter Include="Resource Files">
      <UniqueIdentifier>{67DA6AB6-F800-4c08-8B7A-83BB121AAD01}</UniqueIdentifier>
      <Extensions>rc;ico;cur;bmp;dlg;rc2;rct;bin;rgs;gif;jpg;jpeg;jpe;resx;tiff;tif;png;wav;mfcribbon-ms</Extensions>
    </Filter>
    <Filter Include="Header Files\Camera">
      <UniqueIdentifier>{df7c69d4-4a22-4997-912c-032a0e27d31f}</UniqueIdentifier>
    </Filter>
    <Filter Include="Source Files\Camera">
      <UniqueIdentifier>{c7ff90aa-37e6-47dd-b665-4bdd4b61d194}</UniqueIdentifier>
    </Filter>
    <Filter Include="Header Files\Parameters">
      <UniqueIdentifier>{e61dfd54-b0fc-45d8-80dd-d9d7f8f7d8f6}</UniqueIdentifier>
    </Filter>
    <Filter Include="Source Files\Parameters">
      <UniqueIdentifier>{8c319f44-0701-4e9f-b7d0-03286022160a}</UniqueIdentifier>
    </Filter>
  </ItemGroup>
  <ItemGroup>
    <ClInclude Include="Disparity.h">
      <Filter>Header Files</Filter>
    </ClInclude>
    <ClInclude Include="pwm.h">
      <Filter>Header Files</Filter>
    </ClInclude>
    <ClInclude Include="RobotController.h">
      <Filter>Header Files</Filter>
    </ClInclude>
    <ClInclude Include="RobotManeuver.h">
      <Filter>Header Files</Filter>
    </ClInclude>
    <ClInclude Include="RobotVision.h">
      <Filter>Header Files</Filter>
    </ClInclude>
    <ClInclude Include="xstring.h">
      <Filter>Header Files</Filter>
    </ClInclude>
    <ClInclude Include="easylogging++.h">
      <Filter>Header Files</Filter>
    </ClInclude>
    <ClInclude Include="Logger.h">
      <Filter>Header Files</Filter>
    </ClInclude>
    <ClInclude Include="Utils.h">
      <Filter>Header Files</Filter>
    </ClInclude>
    <ClInclude Include="motors.h">
      <Filter>Header Files</Filter>
    </ClInclude>
    <ClInclude Include="serial.h">
      <Filter>Header Files</Filter>
    </ClInclude>
    <ClInclude Include="SerialPort.h">
      <Filter>Header Files</Filter>
    </ClInclude>
    <ClInclude Include="ObstacleAvoider.h">
      <Filter>Header Files</Filter>
    </ClInclude>
    <ClInclude Include="OpenCv.h">
      <Filter>Header Files</Filter>
    </ClInclude>
    <ClInclude Include="CameraConfig.h">
      <Filter>Header Files\Camera</Filter>
    </ClInclude>
    <ClInclude Include="CameraModel.h">
      <Filter>Header Files\Camera</Filter>
    </ClInclude>
    <ClInclude Include="MonoCameraView.h">
      <Filter>Header Files\Camera</Filter>
    </ClInclude>
    <ClInclude Include="Common.h">
      <Filter>Header Files\Parameters</Filter>
    </ClInclude>
    <ClInclude Include="RobotInputParser.h">
      <Filter>Header Files\Parameters</Filter>
    </ClInclude>
  </ItemGroup>
  <ItemGroup>
    <ClCompile Include="Disparity.cpp">
      <Filter>Source Files</Filter>
    </ClCompile>
    <ClCompile Include="main2.cpp">
      <Filter>Source Files</Filter>
    </ClCompile>
    <ClCompile Include="pwm.cpp">
      <Filter>Source Files</Filter>
    </ClCompile>
    <ClCompile Include="RobotController.cpp">
      <Filter>Source Files</Filter>
    </ClCompile>
    <ClCompile Include="RobotManeuver.cpp">
      <Filter>Source Files</Filter>
    </ClCompile>
    <ClCompile Include="RobotVision.cpp">
      <Filter>Source Files</Filter>
    </ClCompile>
    <ClCompile Include="Logger.cpp">
      <Filter>Source Files</Filter>
    </ClCompile>
    <ClCompile Include="posix_serial.cpp">
      <Filter>Source Files</Filter>
    </ClCompile>
    <ClCompile Include="SerialPort.cpp">
      <Filter>Source Files</Filter>
    </ClCompile>
    <ClCompile Include="MonoCameraView.cpp">
      <Filter>Source Files\Camera</Filter>
    </ClCompile>
    <ClCompile Include="CameraModel.cpp">
      <Filter>Source Files\Camera</Filter>
    </ClCompile>
    <ClCompile Include="Constants.cpp">
      <Filter>Source Files\Parameters</Filter>
    </ClCompile>
    <ClCompile Include="RobotInputParser.cpp">
      <Filter>Source Files\Parameters</Filter>
    </ClCompile>
  </ItemGroup>
</Project>